{
  "version": 4,
  "terraform_version": "1.13.4",
  "serial": 16,
  "lineage": "121e682a-6701-9f09-5789-525107728514",
  "outputs": {
    "bastion_role_arn": {
      "value": "arn:aws:iam::019394553470:role/bastion-sd5046-aws-infrastructure",
      "type": "string"
    },
    "bastion_role_name": {
      "value": "bastion-sd5046-aws-infrastructure",
      "type": "string"
    },
    "kms_bootstrap_alias_arn": {
      "value": "arn:aws:kms:us-east-1:019394553470:alias/terraform-boostrap-sd5046-aws-infrastructure-0002",
      "type": "string"
    },
    "kms_bootstrap_id": {
      "value": "36567f5c-4c73-4639-9650-273b82016f02",
      "type": "string"
    },
    "kms_eks_alias_arn": {
      "value": "arn:aws:kms:us-east-1:019394553470:alias/eks-test",
      "type": "string"
    },
    "kms_eks_id": {
      "value": "36567f5c-4c73-4639-9650-273b82016f02",
      "type": "string"
    }
  },
  "resources": [
    {
      "mode": "data",
      "type": "aws_iam_policy_document",
      "name": "allow_access",
      "provider": "provider[\"registry.terraform.io/hashicorp/aws\"]",
      "instances": [
        {
          "schema_version": 0,
          "attributes": {
            "id": "1198828882",
            "json": "{\n  \"Version\": \"2012-10-17\",\n  \"Statement\": [\n    {\n      \"Sid\": \"\",\n      \"Effect\": \"Allow\",\n      \"Action\": \"s3:*\",\n      \"Resource\": [\n        \"arn:aws:s3:::terraform-boostrap-sd5046-aws-infrastructure-0002/*\",\n        \"arn:aws:s3:::terraform-boostrap-sd5046-aws-infrastructure-0002\"\n      ],\n      \"Principal\": {\n        \"AWS\": \"arn:aws:iam::019394553470:user/SD5046-AWS-PracticeDevops\"\n      }\n    }\n  ]\n}",
            "override_json": null,
            "override_policy_documents": null,
            "policy_id": null,
            "source_json": null,
            "source_policy_documents": null,
            "statement": [
              {
                "actions": [
                  "s3:*"
                ],
                "condition": [],
                "effect": "Allow",
                "not_actions": [],
                "not_principals": [],
                "not_resources": [],
                "principals": [
                  {
                    "identifiers": [
                      "arn:aws:iam::019394553470:user/SD5046-AWS-PracticeDevops"
                    ],
                    "type": "AWS"
                  }
                ],
                "resources": [
                  "arn:aws:s3:::terraform-boostrap-sd5046-aws-infrastructure-0002",
                  "arn:aws:s3:::terraform-boostrap-sd5046-aws-infrastructure-0002/*"
                ],
                "sid": ""
              }
            ],
            "version": "2012-10-17"
          },
          "sensitive_attributes": [],
          "identity_schema_version": 0
        }
      ]
    },
    {
      "mode": "data",
      "type": "aws_iam_policy_document",
      "name": "bastion-role-policy",
      "provider": "provider[\"registry.terraform.io/hashicorp/aws\"]",
      "instances": [
        {
          "schema_version": 0,
          "attributes": {
            "id": "615929889",
            "json": "{\n  \"Version\": \"2012-10-17\",\n  \"Statement\": [\n    {\n      \"Sid\": \"\",\n      \"Effect\": \"Allow\",\n      \"Action\": \"*\",\n      \"Resource\": \"arn:aws:s3:::terraform-boostrap-sd5046-aws-infrastructure\"\n    }\n  ]\n}",
            "override_json": null,
            "override_policy_documents": null,
            "policy_id": null,
            "source_json": null,
            "source_policy_documents": null,
            "statement": [
              {
                "actions": [
                  "*"
                ],
                "condition": [],
                "effect": "Allow",
                "not_actions": [],
                "not_principals": [],
                "not_resources": [],
                "principals": [],
                "resources": [
                  "arn:aws:s3:::terraform-boostrap-sd5046-aws-infrastructure"
                ],
                "sid": ""
              }
            ],
            "version": "2012-10-17"
          },
          "sensitive_attributes": [],
          "identity_schema_version": 0
        }
      ]
    },
    {
      "mode": "data",
      "type": "aws_iam_policy_document",
      "name": "eks_dev_kms_use",
      "provider": "provider[\"registry.terraform.io/hashicorp/aws\"]",
      "instances": [
        {
          "schema_version": 0,
          "attributes": {
            "id": "1421141306",
            "json": "{\n  \"Version\": \"2012-10-17\",\n  \"Statement\": [\n    {\n      \"Sid\": \"Enable Permissions for DevOps\",\n      \"Effect\": \"Allow\",\n      \"Action\": \"kms:*\",\n      \"Resource\": \"*\",\n      \"Principal\": {\n        \"AWS\": \"arn:aws:iam::019394553470:user/SD5046-AWS-PracticeDevops\"\n      }\n    }\n  ]\n}",
            "override_json": null,
            "override_policy_documents": null,
            "policy_id": null,
            "source_json": null,
            "source_policy_documents": null,
            "statement": [
              {
                "actions": [
                  "kms:*"
                ],
                "condition": [],
                "effect": "Allow",
                "not_actions": [],
                "not_principals": [],
                "not_resources": [],
                "principals": [
                  {
                    "identifiers": [
                      "arn:aws:iam::019394553470:user/SD5046-AWS-PracticeDevops"
                    ],
                    "type": "AWS"
                  }
                ],
                "resources": [
                  "*"
                ],
                "sid": "Enable Permissions for DevOps"
              }
            ],
            "version": "2012-10-17"
          },
          "sensitive_attributes": [],
          "identity_schema_version": 0
        }
      ]
    },
    {
      "mode": "data",
      "type": "aws_iam_policy_document",
      "name": "kms_use",
      "provider": "provider[\"registry.terraform.io/hashicorp/aws\"]",
      "instances": [
        {
          "schema_version": 0,
          "attributes": {
            "id": "1421141306",
            "json": "{\n  \"Version\": \"2012-10-17\",\n  \"Statement\": [\n    {\n      \"Sid\": \"Enable Permissions for DevOps\",\n      \"Effect\": \"Allow\",\n      \"Action\": \"kms:*\",\n      \"Resource\": \"*\",\n      \"Principal\": {\n        \"AWS\": \"arn:aws:iam::019394553470:user/SD5046-AWS-PracticeDevops\"\n      }\n    }\n  ]\n}",
            "override_json": null,
            "override_policy_documents": null,
            "policy_id": null,
            "source_json": null,
            "source_policy_documents": null,
            "statement": [
              {
                "actions": [
                  "kms:*"
                ],
                "condition": [],
                "effect": "Allow",
                "not_actions": [],
                "not_principals": [],
                "not_resources": [],
                "principals": [
                  {
                    "identifiers": [
                      "arn:aws:iam::019394553470:user/SD5046-AWS-PracticeDevops"
                    ],
                    "type": "AWS"
                  }
                ],
                "resources": [
                  "*"
                ],
                "sid": "Enable Permissions for DevOps"
              }
            ],
            "version": "2012-10-17"
          },
          "sensitive_attributes": [],
          "identity_schema_version": 0
        }
      ]
    },
    {
      "mode": "data",
      "type": "aws_iam_policy_document",
      "name": "trust-policies-bastion-assume-role",
      "provider": "provider[\"registry.terraform.io/hashicorp/aws\"]",
      "instances": [
        {
          "schema_version": 0,
          "attributes": {
            "id": "1903849331",
            "json": "{\n  \"Version\": \"2012-10-17\",\n  \"Statement\": [\n    {\n      \"Sid\": \"\",\n      \"Effect\": \"Allow\",\n      \"Action\": \"sts:AssumeRole\",\n      \"Principal\": {\n        \"Service\": \"ec2.amazonaws.com\"\n      }\n    }\n  ]\n}",
            "override_json": null,
            "override_policy_documents": null,
            "policy_id": null,
            "source_json": null,
            "source_policy_documents": null,
            "statement": [
              {
                "actions": [
                  "sts:AssumeRole"
                ],
                "condition": [],
                "effect": "Allow",
                "not_actions": [],
                "not_principals": [],
                "not_resources": [],
                "principals": [
                  {
                    "identifiers": [
                      "ec2.amazonaws.com"
                    ],
                    "type": "Service"
                  }
                ],
                "resources": [],
                "sid": ""
              }
            ],
            "version": "2012-10-17"
          },
          "sensitive_attributes": [],
          "identity_schema_version": 0
        }
      ]
    },
    {
      "mode": "managed",
      "type": "aws_dynamodb_table",
      "name": "bootstrap-state-table",
      "provider": "provider[\"registry.terraform.io/hashicorp/aws\"]",
      "instances": [
        {
          "schema_version": 1,
          "attributes": {
            "arn": "arn:aws:dynamodb:us-east-1:019394553470:table/terraform-boostrap-sd5046-aws-infrastructure",
            "attribute": [
              {
                "name": "LockID",
                "type": "S"
              }
            ],
            "billing_mode": "PROVISIONED",
            "deletion_protection_enabled": false,
            "global_secondary_index": [],
            "hash_key": "LockID",
            "id": "terraform-boostrap-sd5046-aws-infrastructure",
            "local_secondary_index": [],
            "name": "terraform-boostrap-sd5046-aws-infrastructure",
            "point_in_time_recovery": [
              {
                "enabled": false
              }
            ],
            "range_key": null,
            "read_capacity": 3,
            "replica": [],
            "restore_date_time": null,
            "restore_source_name": null,
            "restore_to_latest_time": null,
            "server_side_encryption": [
              {
                "enabled": true,
                "kms_key_arn": ""
              }
            ],
            "stream_arn": "",
            "stream_enabled": false,
            "stream_label": "",
            "stream_view_type": "",
            "table_class": "STANDARD",
            "tags": {
              "Description": "Managed by Terraform",
              "Environment": "mgmt",
              "Name": "sd5046-aws-infrastructure-mgmt-boostrap",
              "Owner": "trangpham",
              "Project": "sd5046-aws-infrastructure"
            },
            "tags_all": {
              "Description": "Managed by Terraform",
              "Environment": "mgmt",
              "Name": "sd5046-aws-infrastructure-mgmt-boostrap",
              "Owner": "trangpham",
              "Project": "sd5046-aws-infrastructure"
            },
            "timeouts": null,
            "ttl": [
              {
                "attribute_name": "",
                "enabled": false
              }
            ],
            "write_capacity": 3
          },
          "sensitive_attributes": [],
          "identity_schema_version": 0,
          "private": "eyJlMmJmYjczMC1lY2FhLTExZTYtOGY4OC0zNDM2M2JjN2M0YzAiOnsiY3JlYXRlIjoxODAwMDAwMDAwMDAwLCJkZWxldGUiOjYwMDAwMDAwMDAwMCwidXBkYXRlIjozNjAwMDAwMDAwMDAwfSwic2NoZW1hX3ZlcnNpb24iOiIxIn0=",
          "dependencies": [
            "aws_kms_alias.terraform-bootstrap",
            "aws_kms_key.terraform-bootstrap",
            "aws_s3_bucket.bootstrap",
            "data.aws_iam_policy_document.kms_use"
          ]
        }
      ]
    },
    {
      "mode": "managed",
      "type": "aws_iam_role",
      "name": "bastion",
      "provider": "provider[\"registry.terraform.io/hashicorp/aws\"]",
      "instances": [
        {
          "schema_version": 0,
          "attributes": {
            "arn": "arn:aws:iam::019394553470:role/bastion-sd5046-aws-infrastructure",
            "assume_role_policy": "{\"Statement\":[{\"Action\":\"sts:AssumeRole\",\"Effect\":\"Allow\",\"Principal\":{\"Service\":\"ec2.amazonaws.com\"},\"Sid\":\"\"}],\"Version\":\"2012-10-17\"}",
            "create_date": "2025-12-15T02:18:32Z",
            "description": "",
            "force_detach_policies": false,
            "id": "bastion-sd5046-aws-infrastructure",
            "inline_policy": [],
            "managed_policy_arns": [],
            "max_session_duration": 3600,
            "name": "bastion-sd5046-aws-infrastructure",
            "name_prefix": "",
            "path": "/",
            "permissions_boundary": null,
            "role_last_used": [
              {
                "last_used_date": "",
                "region": ""
              }
            ],
            "tags": null,
            "tags_all": {},
            "unique_id": "AROAQJBABMZ7IYNXJVF3Z"
          },
          "sensitive_attributes": [],
          "identity_schema_version": 0,
          "private": "bnVsbA==",
          "dependencies": [
            "data.aws_iam_policy_document.trust-policies-bastion-assume-role"
          ]
        }
      ]
    },
    {
      "mode": "managed",
      "type": "aws_iam_role",
      "name": "bastion_2",
      "provider": "provider[\"registry.terraform.io/hashicorp/aws\"]",
      "instances": [
        {
          "schema_version": 0,
          "attributes": {
            "arn": "arn:aws:iam::019394553470:role/bastion-sd5046-aws-infrastructure-0002",
            "assume_role_policy": "{\"Statement\":[{\"Action\":\"sts:AssumeRole\",\"Effect\":\"Allow\",\"Principal\":{\"Service\":\"ec2.amazonaws.com\"},\"Sid\":\"\"}],\"Version\":\"2012-10-17\"}",
            "create_date": "2025-12-15T02:18:32Z",
            "description": "",
            "force_detach_policies": false,
            "id": "bastion-sd5046-aws-infrastructure-0002",
            "inline_policy": [],
            "managed_policy_arns": [],
            "max_session_duration": 3600,
            "name": "bastion-sd5046-aws-infrastructure-0002",
            "name_prefix": "",
            "path": "/",
            "permissions_boundary": null,
            "role_last_used": [
              {
                "last_used_date": "",
                "region": ""
              }
            ],
            "tags": null,
            "tags_all": {},
            "unique_id": "AROAQJBABMZ7B2ZBVU7EO"
          },
          "sensitive_attributes": [],
          "identity_schema_version": 0,
          "private": "bnVsbA==",
          "dependencies": [
            "data.aws_iam_policy_document.trust-policies-bastion-assume-role"
          ]
        }
      ]
    },
    {
      "mode": "managed",
      "type": "aws_iam_role_policy",
      "name": "bastion",
      "provider": "provider[\"registry.terraform.io/hashicorp/aws\"]",
      "instances": [
        {
          "schema_version": 0,
          "attributes": {
            "id": "bastion-sd5046-aws-infrastructure:bastion-role-sd5046-aws-infrastructure-policy",
            "name": "bastion-role-sd5046-aws-infrastructure-policy",
            "name_prefix": null,
            "policy": "{\"Version\":\"2012-10-17\",\"Statement\":[{\"Action\":\"*\",\"Effect\":\"Allow\",\"Resource\":\"arn:aws:s3:::terraform-boostrap-sd5046-aws-infrastructure\",\"Sid\":\"\"}]}",
            "role": "bastion-sd5046-aws-infrastructure"
          },
          "sensitive_attributes": [],
          "identity_schema_version": 0,
          "private": "bnVsbA==",
          "dependencies": [
            "aws_iam_role.bastion",
            "data.aws_iam_policy_document.bastion-role-policy",
            "data.aws_iam_policy_document.trust-policies-bastion-assume-role"
          ]
        }
      ]
    },
    {
      "mode": "managed",
      "type": "aws_kms_alias",
      "name": "eks_dev",
      "provider": "provider[\"registry.terraform.io/hashicorp/aws\"]",
      "instances": [
        {
          "schema_version": 0,
          "attributes": {
            "arn": "arn:aws:kms:us-east-1:019394553470:alias/eks-test",
            "id": "alias/eks-test",
            "name": "alias/eks-test",
            "name_prefix": "",
            "target_key_arn": "arn:aws:kms:us-east-1:019394553470:key/36567f5c-4c73-4639-9650-273b82016f02",
            "target_key_id": "36567f5c-4c73-4639-9650-273b82016f02"
          },
          "sensitive_attributes": [],
          "identity_schema_version": 0,
          "private": "bnVsbA==",
          "dependencies": [
            "aws_kms_key.eks_dev",
            "data.aws_iam_policy_document.eks_dev_kms_use"
          ]
        }
      ]
    },
    {
      "mode": "managed",
      "type": "aws_kms_alias",
      "name": "terraform-bootstrap",
      "provider": "provider[\"registry.terraform.io/hashicorp/aws\"]",
      "instances": [
        {
          "schema_version": 0,
          "attributes": {
            "arn": "arn:aws:kms:us-east-1:019394553470:alias/terraform-boostrap-sd5046-aws-infrastructure-0002",
            "id": "alias/terraform-boostrap-sd5046-aws-infrastructure-0002",
            "name": "alias/terraform-boostrap-sd5046-aws-infrastructure-0002",
            "name_prefix": "",
            "target_key_arn": "arn:aws:kms:us-east-1:019394553470:key/36567f5c-4c73-4639-9650-273b82016f02",
            "target_key_id": "36567f5c-4c73-4639-9650-273b82016f02"
          },
          "sensitive_attributes": [],
          "identity_schema_version": 0,
          "private": "bnVsbA==",
          "dependencies": [
            "aws_kms_key.terraform-bootstrap",
            "data.aws_iam_policy_document.kms_use"
          ]
        }
      ]
    },
    {
      "mode": "managed",
      "type": "aws_kms_key",
      "name": "eks_dev",
      "provider": "provider[\"registry.terraform.io/hashicorp/aws\"]",
      "instances": [
        {
          "schema_version": 0,
          "attributes": {
            "arn": "arn:aws:kms:us-east-1:019394553470:key/36567f5c-4c73-4639-9650-273b82016f02",
            "bypass_policy_lockout_safety_check": false,
            "custom_key_store_id": "",
            "customer_master_key_spec": "SYMMETRIC_DEFAULT",
            "deletion_window_in_days": 14,
            "description": "KMS key for DEV EKS",
            "enable_key_rotation": false,
            "id": "36567f5c-4c73-4639-9650-273b82016f02",
            "is_enabled": true,
            "key_id": "36567f5c-4c73-4639-9650-273b82016f02",
            "key_usage": "ENCRYPT_DECRYPT",
            "multi_region": false,
            "policy": "{\"Statement\":[{\"Action\":\"kms:*\",\"Effect\":\"Allow\",\"Principal\":{\"AWS\":\"arn:aws:iam::019394553470:user/SD5046-AWS-PracticeDevops\"},\"Resource\":\"*\",\"Sid\":\"Enable Permissions for DevOps\"}],\"Version\":\"2012-10-17\"}",
            "tags": {
              "Description": "Managed by Terraform",
              "Environment": "mgmt",
              "Name": "sd5046-aws-infrastructure-mgmt-boostrap",
              "Owner": "trangpham",
              "Project": "sd5046-aws-infrastructure"
            },
            "tags_all": {
              "Description": "Managed by Terraform",
              "Environment": "mgmt",
              "Name": "sd5046-aws-infrastructure-mgmt-boostrap",
              "Owner": "trangpham",
              "Project": "sd5046-aws-infrastructure"
            }
          },
          "sensitive_attributes": [],
          "identity_schema_version": 0,
          "private": "bnVsbA==",
          "dependencies": [
            "data.aws_iam_policy_document.eks_dev_kms_use"
          ]
        }
      ]
    },
    {
      "mode": "managed",
      "type": "aws_kms_key",
      "name": "terraform-bootstrap",
      "provider": "provider[\"registry.terraform.io/hashicorp/aws\"]",
      "instances": [
        {
          "schema_version": 0,
          "attributes": {
            "arn": "arn:aws:kms:us-east-1:019394553470:key/36567f5c-4c73-4639-9650-273b82016f02",
            "bypass_policy_lockout_safety_check": false,
            "custom_key_store_id": "",
            "customer_master_key_spec": "SYMMETRIC_DEFAULT",
            "deletion_window_in_days": 14,
            "description": "Terraform Bootstrap KMS key",
            "enable_key_rotation": false,
            "id": "36567f5c-4c73-4639-9650-273b82016f02",
            "is_enabled": true,
            "key_id": "36567f5c-4c73-4639-9650-273b82016f02",
            "key_usage": "ENCRYPT_DECRYPT",
            "multi_region": false,
            "policy": "{\"Statement\":[{\"Action\":\"kms:*\",\"Effect\":\"Allow\",\"Principal\":{\"AWS\":\"arn:aws:iam::019394553470:user/SD5046-AWS-PracticeDevops\"},\"Resource\":\"*\",\"Sid\":\"Enable Permissions for DevOps\"}],\"Version\":\"2012-10-17\"}",
            "tags": {
              "Description": "Managed by Terraform",
              "Environment": "mgmt",
              "Name": "sd5046-aws-infrastructure-mgmt-boostrap",
              "Owner": "trangpham",
              "Project": "sd5046-aws-infrastructure"
            },
            "tags_all": {
              "Description": "Managed by Terraform",
              "Environment": "mgmt",
              "Name": "sd5046-aws-infrastructure-mgmt-boostrap",
              "Owner": "trangpham",
              "Project": "sd5046-aws-infrastructure"
            }
          },
          "sensitive_attributes": [],
          "identity_schema_version": 0,
          "private": "bnVsbA==",
          "dependencies": [
            "data.aws_iam_policy_document.kms_use"
          ]
        }
      ]
    },
    {
      "mode": "managed",
      "type": "aws_s3_bucket",
      "name": "bootstrap",
      "provider": "provider[\"registry.terraform.io/hashicorp/aws\"]",
      "instances": [
        {
          "schema_version": 0,
          "attributes": {
            "acceleration_status": "",
            "acl": null,
            "arn": "arn:aws:s3:::terraform-boostrap-sd5046-aws-infrastructure-0002",
            "bucket": "terraform-boostrap-sd5046-aws-infrastructure-0002",
            "bucket_domain_name": "terraform-boostrap-sd5046-aws-infrastructure-0002.s3.amazonaws.com",
            "bucket_prefix": "",
            "bucket_regional_domain_name": "terraform-boostrap-sd5046-aws-infrastructure-0002.s3.amazonaws.com",
            "cors_rule": [],
            "force_destroy": true,
            "grant": [
              {
                "id": "2af765ba2f0fe80e286be8b44ce90ecff1f88cc8b8f22016e16f8c928d4475c2",
                "permissions": [
                  "FULL_CONTROL"
                ],
                "type": "CanonicalUser",
                "uri": ""
              }
            ],
            "hosted_zone_id": "Z3AQBSTGFYJSTF",
            "id": "terraform-boostrap-sd5046-aws-infrastructure-0002",
            "lifecycle_rule": [],
            "logging": [],
            "object_lock_configuration": [],
            "object_lock_enabled": false,
            "policy": "",
            "region": "us-east-1",
            "replication_configuration": [],
            "request_payer": "BucketOwner",
            "server_side_encryption_configuration": [
              {
                "rule": [
                  {
                    "apply_server_side_encryption_by_default": [
                      {
                        "kms_master_key_id": "",
                        "sse_algorithm": "AES256"
                      }
                    ],
                    "bucket_key_enabled": false
                  }
                ]
              }
            ],
            "tags": {
              "Description": "Managed by Terraform",
              "Environment": "mgmt",
              "Name": "sd5046-aws-infrastructure-mgmt-boostrap",
              "Owner": "trangpham",
              "Project": "sd5046-aws-infrastructure"
            },
            "tags_all": {
              "Description": "Managed by Terraform",
              "Environment": "mgmt",
              "Name": "sd5046-aws-infrastructure-mgmt-boostrap",
              "Owner": "trangpham",
              "Project": "sd5046-aws-infrastructure"
            },
            "timeouts": null,
            "versioning": [
              {
                "enabled": false,
                "mfa_delete": false
              }
            ],
            "website": [],
            "website_domain": null,
            "website_endpoint": null
          },
          "sensitive_attributes": [],
          "identity_schema_version": 0,
          "private": "eyJlMmJmYjczMC1lY2FhLTExZTYtOGY4OC0zNDM2M2JjN2M0YzAiOnsiY3JlYXRlIjoxMjAwMDAwMDAwMDAwLCJkZWxldGUiOjM2MDAwMDAwMDAwMDAsInJlYWQiOjEyMDAwMDAwMDAwMDAsInVwZGF0ZSI6MTIwMDAwMDAwMDAwMH19",
          "dependencies": [
            "aws_kms_alias.terraform-bootstrap",
            "aws_kms_key.terraform-bootstrap",
            "data.aws_iam_policy_document.kms_use"
          ]
        }
      ]
    },
    {
      "mode": "managed",
      "type": "aws_s3_bucket_accelerate_configuration",
      "name": "bootstrap",
      "provider": "provider[\"registry.terraform.io/hashicorp/aws\"]",
      "instances": [
        {
          "schema_version": 0,
          "attributes": {
            "bucket": "terraform-boostrap-sd5046-aws-infrastructure-0002",
            "expected_bucket_owner": "",
            "id": "terraform-boostrap-sd5046-aws-infrastructure-0002",
            "status": "Enabled"
          },
          "sensitive_attributes": [],
          "identity_schema_version": 0,
          "private": "bnVsbA==",
          "dependencies": [
            "aws_kms_alias.terraform-bootstrap",
            "aws_kms_key.terraform-bootstrap",
            "aws_s3_bucket.bootstrap",
            "data.aws_iam_policy_document.kms_use"
          ]
        }
      ]
    },
    {
      "mode": "managed",
      "type": "aws_s3_bucket_ownership_controls",
      "name": "bootstrap",
      "provider": "provider[\"registry.terraform.io/hashicorp/aws\"]",
      "instances": [
        {
          "schema_version": 0,
          "attributes": {
            "bucket": "terraform-boostrap-sd5046-aws-infrastructure-0002",
            "id": "terraform-boostrap-sd5046-aws-infrastructure-0002",
            "rule": [
              {
                "object_ownership": "BucketOwnerEnforced"
              }
            ]
          },
          "sensitive_attributes": [],
          "identity_schema_version": 0,
          "private": "bnVsbA==",
          "dependencies": [
            "aws_kms_alias.terraform-bootstrap",
            "aws_kms_key.terraform-bootstrap",
            "aws_s3_bucket.bootstrap",
            "data.aws_iam_policy_document.kms_use"
          ]
        }
      ]
    },
    {
      "mode": "managed",
      "type": "aws_s3_bucket_policy",
      "name": "allow_access",
      "provider": "provider[\"registry.terraform.io/hashicorp/aws\"]",
      "instances": [
        {
          "schema_version": 0,
          "attributes": {
            "bucket": "terraform-boostrap-sd5046-aws-infrastructure-0002",
            "id": "terraform-boostrap-sd5046-aws-infrastructure-0002",
            "policy": "{\"Statement\":[{\"Action\":\"s3:*\",\"Effect\":\"Allow\",\"Principal\":{\"AWS\":\"arn:aws:iam::019394553470:user/SD5046-AWS-PracticeDevops\"},\"Resource\":[\"arn:aws:s3:::terraform-boostrap-sd5046-aws-infrastructure-0002/*\",\"arn:aws:s3:::terraform-boostrap-sd5046-aws-infrastructure-0002\"],\"Sid\":\"\"}],\"Version\":\"2012-10-17\"}"
          },
          "sensitive_attributes": [],
          "identity_schema_version": 0,
          "private": "bnVsbA==",
          "dependencies": [
            "aws_kms_alias.terraform-bootstrap",
            "aws_kms_key.terraform-bootstrap",
            "aws_s3_bucket.bootstrap",
            "data.aws_iam_policy_document.allow_access",
            "data.aws_iam_policy_document.kms_use"
          ]
        }
      ]
    },
    {
      "mode": "managed",
      "type": "aws_s3_bucket_server_side_encryption_configuration",
      "name": "bootstrap",
      "provider": "provider[\"registry.terraform.io/hashicorp/aws\"]",
      "instances": [
        {
          "schema_version": 0,
          "attributes": {
            "bucket": "terraform-boostrap-sd5046-aws-infrastructure-0002",
            "expected_bucket_owner": "",
            "id": "terraform-boostrap-sd5046-aws-infrastructure-0002",
            "rule": [
              {
                "apply_server_side_encryption_by_default": [
                  {
                    "kms_master_key_id": "arn:aws:kms:us-east-1:019394553470:key/36567f5c-4c73-4639-9650-273b82016f02",
                    "sse_algorithm": "aws:kms"
                  }
                ],
                "bucket_key_enabled": null
              }
            ]
          },
          "sensitive_attributes": [],
          "identity_schema_version": 0,
          "private": "bnVsbA==",
          "dependencies": [
            "aws_kms_alias.terraform-bootstrap",
            "aws_kms_key.terraform-bootstrap",
            "aws_s3_bucket.bootstrap",
            "data.aws_iam_policy_document.kms_use"
          ]
        }
      ]
    },
    {
      "mode": "managed",
      "type": "aws_s3_bucket_versioning",
      "name": "versioning",
      "provider": "provider[\"registry.terraform.io/hashicorp/aws\"]",
      "instances": [
        {
          "schema_version": 0,
          "attributes": {
            "bucket": "terraform-boostrap-sd5046-aws-infrastructure-0002",
            "expected_bucket_owner": "",
            "id": "terraform-boostrap-sd5046-aws-infrastructure-0002",
            "mfa": null,
            "versioning_configuration": [
              {
                "mfa_delete": "",
                "status": "Enabled"
              }
            ]
          },
          "sensitive_attributes": [],
          "identity_schema_version": 0,
          "private": "bnVsbA==",
          "dependencies": [
            "aws_kms_alias.terraform-bootstrap",
            "aws_kms_key.terraform-bootstrap",
            "aws_s3_bucket.bootstrap",
            "data.aws_iam_policy_document.kms_use"
          ]
        }
      ]
    }
  ],
  "check_results": null
}
